
Microsoft Visual Studio Solution File, Format Version 12.00
# Visual Studio 14
VisualStudioVersion = 14.0.24720.0
MinimumVisualStudioVersion = 10.0.40219.1
Project("{FAE04EC0-301F-11D3-BF4B-00C04F79EFBC}") = "OpenIDConnect.Host", "OpenIDConnect.Host\OpenIDConnect.Host.csproj", "{8558BB62-5E10-4D93-8611-0662014308EE}"
EndProject
Project("{FAE04EC0-301F-11D3-BF4B-00C04F79EFBC}") = "OpenIDConnect.AdLds", "OpenIDConnect.AdLds\OpenIDConnect.AdLds.csproj", "{085D5ECD-AFE8-4377-9C4A-20E29A1DC5AC}"
EndProject
Project("{FAE04EC0-301F-11D3-BF4B-00C04F79EFBC}") = "OpenIDConnect.IdentityAdmin", "OpenIDConnect.IdentityAdmin\OpenIDConnect.IdentityAdmin.csproj", "{A1CE20F2-9822-4440-A27C-80DD92D68D3F}"
EndProject
Project("{FAE04EC0-301F-11D3-BF4B-00C04F79EFBC}") = "OpenIDConnect.IdentityManager", "OpenIDConnect.IdentityManager\OpenIDConnect.IdentityManager.csproj", "{7A98F4F1-2AA0-4256-8E72-F5E315D3A59E}"
EndProject
Project("{FAE04EC0-301F-11D3-BF4B-00C04F79EFBC}") = "OpenIDConnect.IdentityServer", "OpenIDConnect.IdentityServer\OpenIDConnect.IdentityServer.csproj", "{9CCB9A14-0569-4F04-98EE-FEB5D0B30FF2}"
EndProject
Project("{FAE04EC0-301F-11D3-BF4B-00C04F79EFBC}") = "OpenIDConnect.Core", "OpenIDConnect.Core\OpenIDConnect.Core.csproj", "{219E72F8-F1A0-43AE-9037-104C2F00476D}"
EndProject
Project("{FAE04EC0-301F-11D3-BF4B-00C04F79EFBC}") = "OpenIDConnect.IdentityServer.AspNet", "OpenIDConnect.IdentityServer.AspNet\OpenIDConnect.IdentityServer.AspNet.csproj", "{3A27BE93-4C59-4CDD-B7F0-A465E33A6CD3}"
EndProject
Project("{FAE04EC0-301F-11D3-BF4B-00C04F79EFBC}") = "OpenIDConnect.IdentityServer.MembershipReboot", "OpenIDConnect.IdentityServer.MembershipReboot\OpenIDConnect.IdentityServer.MembershipReboot.csproj", "{A513A7BA-C306-4958-AE58-4D6BB16AAE29}"
EndProject
Project("{FAE04EC0-301F-11D3-BF4B-00C04F79EFBC}") = "OpenIDConnect.Clients.Angular14", "OpenIDConnect.Clients.Angular14\OpenIDConnect.Clients.Angular14.csproj", "{6C071C9A-C0E3-4D10-BDD4-7FDC07B1AAD5}"
EndProject
Project("{2150E333-8FDC-42A3-9474-1A3956D46DE8}") = "Documentation", "Documentation", "{78D0DFCA-4F20-4820-9ECE-BD2A507AA1BD}"
	ProjectSection(SolutionItems) = preProject
		Documentation\authorization.api.raml = Documentation\authorization.api.raml
		Documentation\news.api.raml = Documentation\news.api.raml
	EndProjectSection
EndProject
Project("{8BB2217D-0F2D-49D1-97BC-3654ED321F3B}") = "OpenIDConnect.Users.Api", "OpenIDConnect.Users.Api\OpenIDConnect.Users.Api.xproj", "{E57986F1-5A2A-4434-9F82-EA42B865E9DC}"
EndProject
Project("{2150E333-8FDC-42A3-9474-1A3956D46DE8}") = "Users", "Users", "{E1E7AA16-202B-44E7-B12E-68BAB058A7E7}"
EndProject
Project("{8BB2217D-0F2D-49D1-97BC-3654ED321F3B}") = "OpenIDConnect.Users.Domain", "OpenIDConnect.Users.Domain\OpenIDConnect.Users.Domain.xproj", "{AE4261FD-F26A-4ED3-A65B-D9C13CA7C627}"
EndProject
Project("{8BB2217D-0F2D-49D1-97BC-3654ED321F3B}") = "OpenIDConnect.Users.Data.AspNetIdentity", "OpenIDConnect.Users.Data.AspNetIdentity\OpenIDConnect.Users.Data.AspNetIdentity.xproj", "{EBC2578A-0790-4ADA-863B-3CC747FE40F4}"
EndProject
Project("{FAE04EC0-301F-11D3-BF4B-00C04F79EFBC}") = "OpenIDConnect.Clients.AngularMaterial", "OpenIDConnect.Clients.AngularMaterial\OpenIDConnect.Clients.AngularMaterial.csproj", "{9E10E17F-F72B-4B16-A8F4-05E13275669C}"
EndProject
Project("{2150E333-8FDC-42A3-9474-1A3956D46DE8}") = "Authorization", "Authorization", "{D8CE9852-7C38-499E-91C3-111AC3FCE13D}"
EndProject
Project("{8BB2217D-0F2D-49D1-97BC-3654ED321F3B}") = "OpenIDConnect.Authorization.Api", "OpenIDConnect.Authorization.Api\OpenIDConnect.Authorization.Api.xproj", "{3F93DBF0-B1FA-4847-B644-0B366E17F913}"
EndProject
Project("{8BB2217D-0F2D-49D1-97BC-3654ED321F3B}") = "OpenIDConnect.Authorization.Domain", "OpenIDConnect.Authorization.Domain\OpenIDConnect.Authorization.Domain.xproj", "{CFE86B7C-E55C-4FB1-9300-99969AFF544A}"
EndProject
Project("{8BB2217D-0F2D-49D1-97BC-3654ED321F3B}") = "OpenIDConnect.Authorization.Data.EntityFramework", "OpenIDConnect.Authorization.Data.EntityFramework\OpenIDConnect.Authorization.Data.EntityFramework.xproj", "{65C34909-6ECD-419B-97D8-CAA102B34409}"
EndProject
Project("{8BB2217D-0F2D-49D1-97BC-3654ED321F3B}") = "OpenIDConnect.Core.Domain", "OpenIDConnect.Core.Domain\OpenIDConnect.Core.Domain.xproj", "{4D3C5F06-DFF3-4DC1-A136-0B23BE658D48}"
EndProject
Project("{8BB2217D-0F2D-49D1-97BC-3654ED321F3B}") = "OpenIDConnect.Core.Api", "OpenIDConnect.Core.Api\OpenIDConnect.Core.Api.xproj", "{DFC167DE-7F9B-47C5-BAB2-9BE71F28AD31}"
EndProject
Global
	GlobalSection(SolutionConfigurationPlatforms) = preSolution
		Debug|Any CPU = Debug|Any CPU
		Release|Any CPU = Release|Any CPU
	EndGlobalSection
	GlobalSection(ProjectConfigurationPlatforms) = postSolution
		{8558BB62-5E10-4D93-8611-0662014308EE}.Debug|Any CPU.ActiveCfg = Debug|Any CPU
		{8558BB62-5E10-4D93-8611-0662014308EE}.Debug|Any CPU.Build.0 = Debug|Any CPU
		{8558BB62-5E10-4D93-8611-0662014308EE}.Release|Any CPU.ActiveCfg = Release|Any CPU
		{8558BB62-5E10-4D93-8611-0662014308EE}.Release|Any CPU.Build.0 = Release|Any CPU
		{085D5ECD-AFE8-4377-9C4A-20E29A1DC5AC}.Debug|Any CPU.ActiveCfg = Debug|Any CPU
		{085D5ECD-AFE8-4377-9C4A-20E29A1DC5AC}.Debug|Any CPU.Build.0 = Debug|Any CPU
		{085D5ECD-AFE8-4377-9C4A-20E29A1DC5AC}.Release|Any CPU.ActiveCfg = Release|Any CPU
		{085D5ECD-AFE8-4377-9C4A-20E29A1DC5AC}.Release|Any CPU.Build.0 = Release|Any CPU
		{A1CE20F2-9822-4440-A27C-80DD92D68D3F}.Debug|Any CPU.ActiveCfg = Debug|Any CPU
		{A1CE20F2-9822-4440-A27C-80DD92D68D3F}.Debug|Any CPU.Build.0 = Debug|Any CPU
		{A1CE20F2-9822-4440-A27C-80DD92D68D3F}.Release|Any CPU.ActiveCfg = Release|Any CPU
		{A1CE20F2-9822-4440-A27C-80DD92D68D3F}.Release|Any CPU.Build.0 = Release|Any CPU
		{7A98F4F1-2AA0-4256-8E72-F5E315D3A59E}.Debug|Any CPU.ActiveCfg = Debug|Any CPU
		{7A98F4F1-2AA0-4256-8E72-F5E315D3A59E}.Debug|Any CPU.Build.0 = Debug|Any CPU
		{7A98F4F1-2AA0-4256-8E72-F5E315D3A59E}.Release|Any CPU.ActiveCfg = Release|Any CPU
		{7A98F4F1-2AA0-4256-8E72-F5E315D3A59E}.Release|Any CPU.Build.0 = Release|Any CPU
		{9CCB9A14-0569-4F04-98EE-FEB5D0B30FF2}.Debug|Any CPU.ActiveCfg = Debug|Any CPU
		{9CCB9A14-0569-4F04-98EE-FEB5D0B30FF2}.Debug|Any CPU.Build.0 = Debug|Any CPU
		{9CCB9A14-0569-4F04-98EE-FEB5D0B30FF2}.Release|Any CPU.ActiveCfg = Release|Any CPU
		{9CCB9A14-0569-4F04-98EE-FEB5D0B30FF2}.Release|Any CPU.Build.0 = Release|Any CPU
		{219E72F8-F1A0-43AE-9037-104C2F00476D}.Debug|Any CPU.ActiveCfg = Debug|Any CPU
		{219E72F8-F1A0-43AE-9037-104C2F00476D}.Debug|Any CPU.Build.0 = Debug|Any CPU
		{219E72F8-F1A0-43AE-9037-104C2F00476D}.Release|Any CPU.ActiveCfg = Release|Any CPU
		{219E72F8-F1A0-43AE-9037-104C2F00476D}.Release|Any CPU.Build.0 = Release|Any CPU
		{3A27BE93-4C59-4CDD-B7F0-A465E33A6CD3}.Debug|Any CPU.ActiveCfg = Debug|Any CPU
		{3A27BE93-4C59-4CDD-B7F0-A465E33A6CD3}.Debug|Any CPU.Build.0 = Debug|Any CPU
		{3A27BE93-4C59-4CDD-B7F0-A465E33A6CD3}.Release|Any CPU.ActiveCfg = Release|Any CPU
		{3A27BE93-4C59-4CDD-B7F0-A465E33A6CD3}.Release|Any CPU.Build.0 = Release|Any CPU
		{A513A7BA-C306-4958-AE58-4D6BB16AAE29}.Debug|Any CPU.ActiveCfg = Debug|Any CPU
		{A513A7BA-C306-4958-AE58-4D6BB16AAE29}.Debug|Any CPU.Build.0 = Debug|Any CPU
		{A513A7BA-C306-4958-AE58-4D6BB16AAE29}.Release|Any CPU.ActiveCfg = Release|Any CPU
		{A513A7BA-C306-4958-AE58-4D6BB16AAE29}.Release|Any CPU.Build.0 = Release|Any CPU
		{6C071C9A-C0E3-4D10-BDD4-7FDC07B1AAD5}.Debug|Any CPU.ActiveCfg = Debug|Any CPU
		{6C071C9A-C0E3-4D10-BDD4-7FDC07B1AAD5}.Debug|Any CPU.Build.0 = Debug|Any CPU
		{6C071C9A-C0E3-4D10-BDD4-7FDC07B1AAD5}.Release|Any CPU.ActiveCfg = Release|Any CPU
		{6C071C9A-C0E3-4D10-BDD4-7FDC07B1AAD5}.Release|Any CPU.Build.0 = Release|Any CPU
		{E57986F1-5A2A-4434-9F82-EA42B865E9DC}.Debug|Any CPU.ActiveCfg = Debug|Any CPU
		{E57986F1-5A2A-4434-9F82-EA42B865E9DC}.Debug|Any CPU.Build.0 = Debug|Any CPU
		{E57986F1-5A2A-4434-9F82-EA42B865E9DC}.Release|Any CPU.ActiveCfg = Release|Any CPU
		{E57986F1-5A2A-4434-9F82-EA42B865E9DC}.Release|Any CPU.Build.0 = Release|Any CPU
		{AE4261FD-F26A-4ED3-A65B-D9C13CA7C627}.Debug|Any CPU.ActiveCfg = Debug|Any CPU
		{AE4261FD-F26A-4ED3-A65B-D9C13CA7C627}.Debug|Any CPU.Build.0 = Debug|Any CPU
		{AE4261FD-F26A-4ED3-A65B-D9C13CA7C627}.Release|Any CPU.ActiveCfg = Release|Any CPU
		{AE4261FD-F26A-4ED3-A65B-D9C13CA7C627}.Release|Any CPU.Build.0 = Release|Any CPU
		{EBC2578A-0790-4ADA-863B-3CC747FE40F4}.Debug|Any CPU.ActiveCfg = Debug|Any CPU
		{EBC2578A-0790-4ADA-863B-3CC747FE40F4}.Debug|Any CPU.Build.0 = Debug|Any CPU
		{EBC2578A-0790-4ADA-863B-3CC747FE40F4}.Release|Any CPU.ActiveCfg = Release|Any CPU
		{EBC2578A-0790-4ADA-863B-3CC747FE40F4}.Release|Any CPU.Build.0 = Release|Any CPU
		{9E10E17F-F72B-4B16-A8F4-05E13275669C}.Debug|Any CPU.ActiveCfg = Debug|Any CPU
		{9E10E17F-F72B-4B16-A8F4-05E13275669C}.Debug|Any CPU.Build.0 = Debug|Any CPU
		{9E10E17F-F72B-4B16-A8F4-05E13275669C}.Release|Any CPU.ActiveCfg = Release|Any CPU
		{9E10E17F-F72B-4B16-A8F4-05E13275669C}.Release|Any CPU.Build.0 = Release|Any CPU
		{3F93DBF0-B1FA-4847-B644-0B366E17F913}.Debug|Any CPU.ActiveCfg = Debug|Any CPU
		{3F93DBF0-B1FA-4847-B644-0B366E17F913}.Debug|Any CPU.Build.0 = Debug|Any CPU
		{3F93DBF0-B1FA-4847-B644-0B366E17F913}.Release|Any CPU.ActiveCfg = Release|Any CPU
		{3F93DBF0-B1FA-4847-B644-0B366E17F913}.Release|Any CPU.Build.0 = Release|Any CPU
		{CFE86B7C-E55C-4FB1-9300-99969AFF544A}.Debug|Any CPU.ActiveCfg = Debug|Any CPU
		{CFE86B7C-E55C-4FB1-9300-99969AFF544A}.Debug|Any CPU.Build.0 = Debug|Any CPU
		{CFE86B7C-E55C-4FB1-9300-99969AFF544A}.Release|Any CPU.ActiveCfg = Release|Any CPU
		{CFE86B7C-E55C-4FB1-9300-99969AFF544A}.Release|Any CPU.Build.0 = Release|Any CPU
		{65C34909-6ECD-419B-97D8-CAA102B34409}.Debug|Any CPU.ActiveCfg = Debug|Any CPU
		{65C34909-6ECD-419B-97D8-CAA102B34409}.Debug|Any CPU.Build.0 = Debug|Any CPU
		{65C34909-6ECD-419B-97D8-CAA102B34409}.Release|Any CPU.ActiveCfg = Release|Any CPU
		{65C34909-6ECD-419B-97D8-CAA102B34409}.Release|Any CPU.Build.0 = Release|Any CPU
		{4D3C5F06-DFF3-4DC1-A136-0B23BE658D48}.Debug|Any CPU.ActiveCfg = Debug|Any CPU
		{4D3C5F06-DFF3-4DC1-A136-0B23BE658D48}.Debug|Any CPU.Build.0 = Debug|Any CPU
		{4D3C5F06-DFF3-4DC1-A136-0B23BE658D48}.Release|Any CPU.ActiveCfg = Release|Any CPU
		{4D3C5F06-DFF3-4DC1-A136-0B23BE658D48}.Release|Any CPU.Build.0 = Release|Any CPU
		{DFC167DE-7F9B-47C5-BAB2-9BE71F28AD31}.Debug|Any CPU.ActiveCfg = Debug|Any CPU
		{DFC167DE-7F9B-47C5-BAB2-9BE71F28AD31}.Debug|Any CPU.Build.0 = Debug|Any CPU
		{DFC167DE-7F9B-47C5-BAB2-9BE71F28AD31}.Release|Any CPU.ActiveCfg = Release|Any CPU
		{DFC167DE-7F9B-47C5-BAB2-9BE71F28AD31}.Release|Any CPU.Build.0 = Release|Any CPU
	EndGlobalSection
	GlobalSection(SolutionProperties) = preSolution
		HideSolutionNode = FALSE
	EndGlobalSection
	GlobalSection(NestedProjects) = preSolution
		{E57986F1-5A2A-4434-9F82-EA42B865E9DC} = {E1E7AA16-202B-44E7-B12E-68BAB058A7E7}
		{AE4261FD-F26A-4ED3-A65B-D9C13CA7C627} = {E1E7AA16-202B-44E7-B12E-68BAB058A7E7}
		{EBC2578A-0790-4ADA-863B-3CC747FE40F4} = {E1E7AA16-202B-44E7-B12E-68BAB058A7E7}
		{3F93DBF0-B1FA-4847-B644-0B366E17F913} = {D8CE9852-7C38-499E-91C3-111AC3FCE13D}
		{CFE86B7C-E55C-4FB1-9300-99969AFF544A} = {D8CE9852-7C38-499E-91C3-111AC3FCE13D}
		{65C34909-6ECD-419B-97D8-CAA102B34409} = {D8CE9852-7C38-499E-91C3-111AC3FCE13D}
	EndGlobalSection
EndGlobal
